
Microsoft Visual Studio Solution File, Format Version 12.00
# Visual Studio Version 17
VisualStudioVersion = 17.2.32519.379
MinimumVisualStudioVersion = 10.0.40219.1
Project("{FAE04EC0-301F-11D3-BF4B-00C04F79EFBC}") = "NoFences", "NoFences\NoFences.csproj", "{B94457E3-7242-4612-8D6A-8879B0AB9437}"
EndProject
Global
	GlobalSection(SolutionConfigurationPlatforms) = preSolution
		Debug|Any CPU = Debug|Any CPU
		Release|Any CPU = Release|Any CPU
	EndGlobalSection
	GlobalSection(ProjectConfigurationPlatforms) = postSolution
		{B94457E3-7242-4612-8D6A-8879B0AB9437}.Debug|Any CPU.ActiveCfg = Debug|Any CPU
		{B94457E3-7242-4612-8D6A-8879B0AB9437}.Debug|Any CPU.Build.0 = Debug|Any CPU
		{B94457E3-7242-4612-8D6A-8879B0AB9437}.Release|Any CPU.ActiveCfg = Release|Any CPU
		{B94457E3-7242-4612-8D6A-8879B0AB9437}.Release|Any CPU.Build.0 = Release|Any CPU
	EndGlobalSection
	GlobalSection(SolutionProperties) = preSolution
		HideSolutionNode = FALSE
	EndGlobalSection
	GlobalSection(ExtensibilityGlobals) = postSolution
		SolutionGuid = {1C0F0BC8-BF1A-46F0-A045-0BD39708D18F}
	EndGlobalSection
EndGlobal
