
Microsoft Visual Studio Solution File, Format Version 12.00
# Visual Studio Version 16
VisualStudioVersion = 16.0.30330.147
MinimumVisualStudioVersion = 10.0.40219.1
Project("{FAE04EC0-301F-11D3-BF4B-00C04F79EFBC}") = "NoFences", "NoFences\NoFences.csproj", "{9B7EC27E-0066-4455-987C-6DC88C4BEE54}"
EndProject
Global
	GlobalSection(SolutionConfigurationPlatforms) = preSolution
		Debug|Any CPU = Debug|Any CPU
		Release|Any CPU = Release|Any CPU
	EndGlobalSection
	GlobalSection(ProjectConfigurationPlatforms) = postSolution
		{9B7EC27E-0066-4455-987C-6DC88C4BEE54}.Debug|Any CPU.ActiveCfg = Debug|Any CPU
		{9B7EC27E-0066-4455-987C-6DC88C4BEE54}.Debug|Any CPU.Build.0 = Debug|Any CPU
		{9B7EC27E-0066-4455-987C-6DC88C4BEE54}.Release|Any CPU.ActiveCfg = Release|Any CPU
		{9B7EC27E-0066-4455-987C-6DC88C4BEE54}.Release|Any CPU.Build.0 = Release|Any CPU
	EndGlobalSection
	GlobalSection(SolutionProperties) = preSolution
		HideSolutionNode = FALSE
	EndGlobalSection
	GlobalSection(ExtensibilityGlobals) = postSolution
		SolutionGuid = {66F7F16F-431E-4369-84E4-CE9710089A4F}
	EndGlobalSection
EndGlobal
